
Microsoft Visual Studio Solution File, Format Version 12.00
# Visual Studio 2012
Project("{8BC9CEB8-8B4A-11D0-8D11-00A0C91BC942}") = "ConsoleApplication4", "ConsoleApplication4\ConsoleApplication4.vcxproj", "{2B8514E2-2C31-46EC-9740-6811EC8BDFF9}"
EndProject
Global
	GlobalSection(SolutionConfigurationPlatforms) = preSolution
		Debug|Win32 = Debug|Win32
		Release|Win32 = Release|Win32
	EndGlobalSection
	GlobalSection(ProjectConfigurationPlatforms) = postSolution
		{2B8514E2-2C31-46EC-9740-6811EC8BDFF9}.Debug|Win32.ActiveCfg = Debug|Win32
		{2B8514E2-2C31-46EC-9740-6811EC8BDFF9}.Debug|Win32.Build.0 = Debug|Win32
		{2B8514E2-2C31-46EC-9740-6811EC8BDFF9}.Release|Win32.ActiveCfg = Release|Win32
		{2B8514E2-2C31-46EC-9740-6811EC8BDFF9}.Release|Win32.Build.0 = Release|Win32
	EndGlobalSection
	GlobalSection(SolutionProperties) = preSolution
		HideSolutionNode = FALSE
	EndGlobalSection
EndGlobal
